// !$*UTF8*$!
{
	archiveVersion = 1;
	classes = {
	};
	objectVersion = 77;
	objects = {

/* Begin PBXBuildFile section */
		361954292CEF71D100ADD8CD /* AVSinchSDK.framework in Frameworks */ = {isa = PBXBuildFile; fileRef = 3619541E2CEF71D100ADD8CD /* AVSinchSDK.framework */; };
/* End PBXBuildFile section */

/* Begin PBXContainerItemProxy section */
		3619542A2CEF71D100ADD8CD /* PBXContainerItemProxy */ = {
			isa = PBXContainerItemProxy;
			containerPortal = 361954152CEF71D100ADD8CD /* Project object */;
			proxyType = 1;
			remoteGlobalIDString = 3619541D2CEF71D100ADD8CD;
			remoteInfo = AVSinchSDK;
		};
/* End PBXContainerItemProxy section */

/* Begin PBXFileReference section */
		18E127C00E43BD728178CBA5 /* Pods-AVSinchSDK-AVSinchSDKTests.release.xcconfig */ = {isa = PBXFileReference; includeInIndex = 1; lastKnownFileType = text.xcconfig; name = "Pods-AVSinchSDK-AVSinchSDKTests.release.xcconfig"; path = "Target Support Files/Pods-AVSinchSDK-AVSinchSDKTests/Pods-AVSinchSDK-AVSinchSDKTests.release.xcconfig"; sourceTree = "<group>"; };
		2324453A35569253C907F85B /* Pods-AVSinchSDK-AVSinchSDKTests.debug.xcconfig */ = {isa = PBXFileReference; includeInIndex = 1; lastKnownFileType = text.xcconfig; name = "Pods-AVSinchSDK-AVSinchSDKTests.debug.xcconfig"; path = "Target Support Files/Pods-AVSinchSDK-AVSinchSDKTests/Pods-AVSinchSDK-AVSinchSDKTests.debug.xcconfig"; sourceTree = "<group>"; };
		2771A443082A66E10BE9E45E /* Pods-AVSinchSDK.release.xcconfig */ = {isa = PBXFileReference; includeInIndex = 1; lastKnownFileType = text.xcconfig; name = "Pods-AVSinchSDK.release.xcconfig"; path = "Target Support Files/Pods-AVSinchSDK/Pods-AVSinchSDK.release.xcconfig"; sourceTree = "<group>"; };
		3619541E2CEF71D100ADD8CD /* AVSinchSDK.framework */ = {isa = PBXFileReference; explicitFileType = wrapper.framework; includeInIndex = 0; path = AVSinchSDK.framework; sourceTree = BUILT_PRODUCTS_DIR; };
		361954282CEF71D100ADD8CD /* AVSinchSDKTests.xctest */ = {isa = PBXFileReference; explicitFileType = wrapper.cfbundle; includeInIndex = 0; path = AVSinchSDKTests.xctest; sourceTree = BUILT_PRODUCTS_DIR; };
		3698B0822CF0714100E8F92D /* Pods_AVSinchSDK.framework */ = {isa = PBXFileReference; explicitFileType = wrapper.framework; path = Pods_AVSinchSDK.framework; sourceTree = BUILT_PRODUCTS_DIR; };
		988C3AA917281595DD6F26CD /* Pods-AVSinchSDK.debug.xcconfig */ = {isa = PBXFileReference; includeInIndex = 1; lastKnownFileType = text.xcconfig; name = "Pods-AVSinchSDK.debug.xcconfig"; path = "Target Support Files/Pods-AVSinchSDK/Pods-AVSinchSDK.debug.xcconfig"; sourceTree = "<group>"; };
		C46A27A8E5175EEB2F3EF7C3 /* Pods_AVSinchSDK_AVSinchSDKTests.framework */ = {isa = PBXFileReference; explicitFileType = wrapper.framework; includeInIndex = 0; path = Pods_AVSinchSDK_AVSinchSDKTests.framework; sourceTree = BUILT_PRODUCTS_DIR; };
		DE92072B8070BD90E47F67CF /* Pods_AVSinchSDK.framework */ = {isa = PBXFileReference; explicitFileType = wrapper.framework; includeInIndex = 0; path = Pods_AVSinchSDK.framework; sourceTree = BUILT_PRODUCTS_DIR; };
/* End PBXFileReference section */

/* Begin PBXFileSystemSynchronizedBuildFileExceptionSet section */
		361954302CEF71D100ADD8CD /* Exceptions for "AVSinchSDK" folder in "AVSinchSDK" target */ = {
			isa = PBXFileSystemSynchronizedBuildFileExceptionSet;
			publicHeaders = (
				AVSinchSDK.h,
			);
			target = 3619541D2CEF71D100ADD8CD /* AVSinchSDK */;
		};
/* End PBXFileSystemSynchronizedBuildFileExceptionSet section */

/* Begin PBXFileSystemSynchronizedRootGroup section */
		361954202CEF71D100ADD8CD /* AVSinchSDK */ = {
			isa = PBXFileSystemSynchronizedRootGroup;
			exceptions = (
				361954302CEF71D100ADD8CD /* Exceptions for "AVSinchSDK" folder in "AVSinchSDK" target */,
			);
			path = AVSinchSDK;
			sourceTree = "<group>";
		};
		3619542C2CEF71D100ADD8CD /* AVSinchSDKTests */ = {
			isa = PBXFileSystemSynchronizedRootGroup;
			path = AVSinchSDKTests;
			sourceTree = "<group>";
		};
/* End PBXFileSystemSynchronizedRootGroup section */

/* Begin PBXFrameworksBuildPhase section */
		3619541B2CEF71D100ADD8CD /* Frameworks */ = {
			isa = PBXFrameworksBuildPhase;
			buildActionMask = 2147483647;
			files = (
			);
			runOnlyForDeploymentPostprocessing = 0;
		};
		361954252CEF71D100ADD8CD /* Frameworks */ = {
			isa = PBXFrameworksBuildPhase;
			buildActionMask = 2147483647;
			files = (
				361954292CEF71D100ADD8CD /* AVSinchSDK.framework in Frameworks */,
			);
			runOnlyForDeploymentPostprocessing = 0;
		};
/* End PBXFrameworksBuildPhase section */

/* Begin PBXGroup section */
		361954142CEF71D100ADD8CD = {
			isa = PBXGroup;
			children = (
				361954202CEF71D100ADD8CD /* AVSinchSDK */,
				3619542C2CEF71D100ADD8CD /* AVSinchSDKTests */,
				3619541F2CEF71D100ADD8CD /* Products */,
				E5E3A9DD83166A96634ADF8B /* Pods */,
				D32EEF99AA4E3D0240377E0C /* Frameworks */,
			);
			sourceTree = "<group>";
		};
		3619541F2CEF71D100ADD8CD /* Products */ = {
			isa = PBXGroup;
			children = (
				3619541E2CEF71D100ADD8CD /* AVSinchSDK.framework */,
				361954282CEF71D100ADD8CD /* AVSinchSDKTests.xctest */,
			);
			name = Products;
			sourceTree = "<group>";
		};
		D32EEF99AA4E3D0240377E0C /* Frameworks */ = {
			isa = PBXGroup;
			children = (
				3698B0822CF0714100E8F92D /* Pods_AVSinchSDK.framework */,
				DE92072B8070BD90E47F67CF /* Pods_AVSinchSDK.framework */,
				C46A27A8E5175EEB2F3EF7C3 /* Pods_AVSinchSDK_AVSinchSDKTests.framework */,
			);
			name = Frameworks;
			sourceTree = "<group>";
		};
		E5E3A9DD83166A96634ADF8B /* Pods */ = {
			isa = PBXGroup;
			children = (
				988C3AA917281595DD6F26CD /* Pods-AVSinchSDK.debug.xcconfig */,
				2771A443082A66E10BE9E45E /* Pods-AVSinchSDK.release.xcconfig */,
				2324453A35569253C907F85B /* Pods-AVSinchSDK-AVSinchSDKTests.debug.xcconfig */,
				18E127C00E43BD728178CBA5 /* Pods-AVSinchSDK-AVSinchSDKTests.release.xcconfig */,
			);
			path = Pods;
			sourceTree = "<group>";
		};
/* End PBXGroup section */

/* Begin PBXHeadersBuildPhase section */
		361954192CEF71D100ADD8CD /* Headers */ = {
			isa = PBXHeadersBuildPhase;
			buildActionMask = 2147483647;
			files = (
			);
			runOnlyForDeploymentPostprocessing = 0;
		};
/* End PBXHeadersBuildPhase section */

/* Begin PBXNativeTarget section */
		3619541D2CEF71D100ADD8CD /* AVSinchSDK */ = {
			isa = PBXNativeTarget;
			buildConfigurationList = 361954312CEF71D100ADD8CD /* Build configuration list for PBXNativeTarget "AVSinchSDK" */;
			buildPhases = (
				CE7BE5DFCB53890EC0F9508A /* [CP] Check Pods Manifest.lock */,
				361954192CEF71D100ADD8CD /* Headers */,
				3619541A2CEF71D100ADD8CD /* Sources */,
				3619541B2CEF71D100ADD8CD /* Frameworks */,
				3619541C2CEF71D100ADD8CD /* Resources */,
			);
			buildRules = (
			);
			dependencies = (
			);
			fileSystemSynchronizedGroups = (
				361954202CEF71D100ADD8CD /* AVSinchSDK */,
			);
			name = AVSinchSDK;
			productName = AVSinchSDK;
			productReference = 3619541E2CEF71D100ADD8CD /* AVSinchSDK.framework */;
			productType = "com.apple.product-type.framework";
		};
		361954272CEF71D100ADD8CD /* AVSinchSDKTests */ = {
			isa = PBXNativeTarget;
			buildConfigurationList = 361954362CEF71D100ADD8CD /* Build configuration list for PBXNativeTarget "AVSinchSDKTests" */;
			buildPhases = (
				36535C6A2CF06805000053C5 /* ShellScript */,
				2A94CD3BB9EF2B3A59E4EC3D /* [CP] Check Pods Manifest.lock */,
				361954252CEF71D100ADD8CD /* Frameworks */,
				361954262CEF71D100ADD8CD /* Resources */,
				361954242CEF71D100ADD8CD /* Sources */,
			);
			buildRules = (
			);
			dependencies = (
				3619542B2CEF71D100ADD8CD /* PBXTargetDependency */,
			);
			fileSystemSynchronizedGroups = (
				3619542C2CEF71D100ADD8CD /* AVSinchSDKTests */,
			);
			name = AVSinchSDKTests;
			productName = AVSinchSDKTests;
			productReference = 361954282CEF71D100ADD8CD /* AVSinchSDKTests.xctest */;
			productType = "com.apple.product-type.bundle.unit-test";
		};
/* End PBXNativeTarget section */

/* Begin PBXProject section */
		361954152CEF71D100ADD8CD /* Project object */ = {
			isa = PBXProject;
			attributes = {
				BuildIndependentTargetsInParallel = 1;
				LastSwiftUpdateCheck = 1610;
				LastUpgradeCheck = 1610;
				TargetAttributes = {
					3619541D2CEF71D100ADD8CD = {
						CreatedOnToolsVersion = 16.1;
					};
					361954272CEF71D100ADD8CD = {
						CreatedOnToolsVersion = 16.1;
					};
				};
			};
			buildConfigurationList = 361954182CEF71D100ADD8CD /* Build configuration list for PBXProject "AVSinchSDK" */;
			developmentRegion = en;
			hasScannedForEncodings = 0;
			knownRegions = (
				en,
				Base,
			);
			mainGroup = 361954142CEF71D100ADD8CD;
			minimizedProjectReferenceProxies = 1;
			preferredProjectObjectVersion = 77;
			productRefGroup = 3619541F2CEF71D100ADD8CD /* Products */;
			projectDirPath = "";
			projectRoot = "";
			targets = (
				3619541D2CEF71D100ADD8CD /* AVSinchSDK */,
				361954272CEF71D100ADD8CD /* AVSinchSDKTests */,
			);
		};
/* End PBXProject section */

/* Begin PBXResourcesBuildPhase section */
		3619541C2CEF71D100ADD8CD /* Resources */ = {
			isa = PBXResourcesBuildPhase;
			buildActionMask = 2147483647;
			files = (
			);
			runOnlyForDeploymentPostprocessing = 0;
		};
		361954262CEF71D100ADD8CD /* Resources */ = {
			isa = PBXResourcesBuildPhase;
			buildActionMask = 2147483647;
			files = (
			);
			runOnlyForDeploymentPostprocessing = 0;
		};
/* End PBXResourcesBuildPhase section */

/* Begin PBXShellScriptBuildPhase section */
		2A94CD3BB9EF2B3A59E4EC3D /* [CP] Check Pods Manifest.lock */ = {
			isa = PBXShellScriptBuildPhase;
			buildActionMask = 2147483647;
			files = (
			);
			inputFileListPaths = (
			);
			inputPaths = (
				"${PODS_PODFILE_DIR_PATH}/Podfile.lock",
				"${PODS_ROOT}/Manifest.lock",
			);
			name = "[CP] Check Pods Manifest.lock";
			outputFileListPaths = (
			);
			outputPaths = (
				"$(DERIVED_FILE_DIR)/Pods-AVSinchSDK-AVSinchSDKTests-checkManifestLockResult.txt",
			);
			runOnlyForDeploymentPostprocessing = 0;
			shellPath = /bin/sh;
			shellScript = "diff \"${PODS_PODFILE_DIR_PATH}/Podfile.lock\" \"${PODS_ROOT}/Manifest.lock\" > /dev/null\nif [ $? != 0 ] ; then\n    # print error to STDERR\n    echo \"error: The sandbox is not in sync with the Podfile.lock. Run 'pod install' or update your CocoaPods installation.\" >&2\n    exit 1\nfi\n# This output is used by Xcode 'outputs' to avoid re-running this script phase.\necho \"SUCCESS\" > \"${SCRIPT_OUTPUT_FILE_0}\"\n";
			showEnvVarsInLog = 0;
		};
		36535C6A2CF06805000053C5 /* ShellScript */ = {
			isa = PBXShellScriptBuildPhase;
			buildActionMask = 2147483647;
			files = (
			);
			inputFileListPaths = (
			);
			inputPaths = (
				"$(BUILT_PRODUCTS_DIR)/$(FRAMEWORKS_FOLDER_PATH)/AVSinchSDK.framework",
			);
			outputFileListPaths = (
			);
			outputPaths = (
				"$(TARGET_BUILD_DIR)/AVSinchSDK.framework",
			);
			runOnlyForDeploymentPostprocessing = 0;
			shellPath = /bin/sh;
			shellScript = "# Type a script or drag a script file from your workspace to insert its path.\n";
		};
		CE7BE5DFCB53890EC0F9508A /* [CP] Check Pods Manifest.lock */ = {
			isa = PBXShellScriptBuildPhase;
			buildActionMask = 2147483647;
			files = (
			);
			inputFileListPaths = (
			);
			inputPaths = (
				"${PODS_PODFILE_DIR_PATH}/Podfile.lock",
				"${PODS_ROOT}/Manifest.lock",
			);
			name = "[CP] Check Pods Manifest.lock";
			outputFileListPaths = (
			);
			outputPaths = (
				"$(DERIVED_FILE_DIR)/Pods-AVSinchSDK-checkManifestLockResult.txt",
			);
			runOnlyForDeploymentPostprocessing = 0;
			shellPath = /bin/sh;
			shellScript = "diff \"${PODS_PODFILE_DIR_PATH}/Podfile.lock\" \"${PODS_ROOT}/Manifest.lock\" > /dev/null\nif [ $? != 0 ] ; then\n    # print error to STDERR\n    echo \"error: The sandbox is not in sync with the Podfile.lock. Run 'pod install' or update your CocoaPods installation.\" >&2\n    exit 1\nfi\n# This output is used by Xcode 'outputs' to avoid re-running this script phase.\necho \"SUCCESS\" > \"${SCRIPT_OUTPUT_FILE_0}\"\n";
			showEnvVarsInLog = 0;
		};
/* End PBXShellScriptBuildPhase section */

/* Begin PBXSourcesBuildPhase section */
		3619541A2CEF71D100ADD8CD /* Sources */ = {
			isa = PBXSourcesBuildPhase;
			buildActionMask = 2147483647;
			files = (
			);
			runOnlyForDeploymentPostprocessing = 0;
		};
		361954242CEF71D100ADD8CD /* Sources */ = {
			isa = PBXSourcesBuildPhase;
			buildActionMask = 2147483647;
			files = (
			);
			runOnlyForDeploymentPostprocessing = 0;
		};
/* End PBXSourcesBuildPhase section */

/* Begin PBXTargetDependency section */
		3619542B2CEF71D100ADD8CD /* PBXTargetDependency */ = {
			isa = PBXTargetDependency;
			target = 3619541D2CEF71D100ADD8CD /* AVSinchSDK */;
			targetProxy = 3619542A2CEF71D100ADD8CD /* PBXContainerItemProxy */;
		};
/* End PBXTargetDependency section */

/* Begin XCBuildConfiguration section */
		361954322CEF71D100ADD8CD /* Debug */ = {
			isa = XCBuildConfiguration;
			baseConfigurationReference = 988C3AA917281595DD6F26CD /* Pods-AVSinchSDK.debug.xcconfig */;
			buildSettings = {
				ARCHS = "$(ARCHS_STANDARD)";
				BUILD_LIBRARY_FOR_DISTRIBUTION = YES;
				CODE_SIGN_STYLE = Automatic;
				CURRENT_PROJECT_VERSION = 1;
				DEFINES_MODULE = YES;
				DEVELOPMENT_TEAM = 6W49KKQ2NR;
				DYLIB_COMPATIBILITY_VERSION = 1;
				DYLIB_CURRENT_VERSION = 1;
				DYLIB_INSTALL_NAME_BASE = "@rpath";
				ENABLE_MODULE_VERIFIER = YES;
				EXCLUDED_ARCHS = "";
				GENERATE_INFOPLIST_FILE = YES;
				INFOPLIST_KEY_NSHumanReadableCopyright = "";
				INSTALL_PATH = "$(LOCAL_LIBRARY_DIR)/Frameworks";
				IPHONEOS_DEPLOYMENT_TARGET = 16.6;
				LD_RUNPATH_SEARCH_PATHS = (
					"$(inherited)",
					"@executable_path/Frameworks",
					"@loader_path/Frameworks",
				);
				MARKETING_VERSION = 1.0;
				MODULE_VERIFIER_SUPPORTED_LANGUAGES = "objective-c objective-c++";
				MODULE_VERIFIER_SUPPORTED_LANGUAGE_STANDARDS = "gnu17 gnu++20";
				PRODUCT_BUNDLE_IDENTIFIER = demo.AVSinchSDK;
				PRODUCT_NAME = "$(TARGET_NAME:c99extidentifier)";
				SKIP_INSTALL = YES;
				SWIFT_EMIT_LOC_STRINGS = YES;
				SWIFT_INSTALL_OBJC_HEADER = YES;
				SWIFT_VERSION = 4.2;
				SYMROOT = "$(BUILD_DIR)/$(CONFIGURATION)$(EFFECTIVE_PLATFORM_NAME)";
				TARGETED_DEVICE_FAMILY = "1,2";
				VALID_ARCHS = "armv7 x86_64 arm64";
			};
			name = Debug;
		};
		361954332CEF71D100ADD8CD /* Release */ = {
			isa = XCBuildConfiguration;
			baseConfigurationReference = 2771A443082A66E10BE9E45E /* Pods-AVSinchSDK.release.xcconfig */;
			buildSettings = {
				ARCHS = "$(ARCHS_STANDARD)";
				BUILD_LIBRARY_FOR_DISTRIBUTION = YES;
				CODE_SIGN_STYLE = Automatic;
				CURRENT_PROJECT_VERSION = 1;
				DEFINES_MODULE = YES;
				DEVELOPMENT_TEAM = 6W49KKQ2NR;
				DYLIB_COMPATIBILITY_VERSION = 1;
				DYLIB_CURRENT_VERSION = 1;
				DYLIB_INSTALL_NAME_BASE = "@rpath";
				ENABLE_MODULE_VERIFIER = YES;
				EXCLUDED_ARCHS = "";
				GENERATE_INFOPLIST_FILE = YES;
				INFOPLIST_KEY_NSHumanReadableCopyright = "";
				INSTALL_PATH = "$(LOCAL_LIBRARY_DIR)/Frameworks";
				IPHONEOS_DEPLOYMENT_TARGET = 16.6;
				LD_RUNPATH_SEARCH_PATHS = (
					"$(inherited)",
					"@executable_path/Frameworks",
					"@loader_path/Frameworks",
				);
				MARKETING_VERSION = 1.0;
				MODULE_VERIFIER_SUPPORTED_LANGUAGES = "objective-c objective-c++";
				MODULE_VERIFIER_SUPPORTED_LANGUAGE_STANDARDS = "gnu17 gnu++20";
				PRODUCT_BUNDLE_IDENTIFIER = demo.AVSinchSDK;
				PRODUCT_NAME = "$(TARGET_NAME:c99extidentifier)";
				SKIP_INSTALL = YES;
				SWIFT_EMIT_LOC_STRINGS = YES;
				SWIFT_INSTALL_OBJC_HEADER = YES;
				SWIFT_VERSION = 4.2;
				SYMROOT = "$(BUILD_DIR)/$(CONFIGURATION)$(EFFECTIVE_PLATFORM_NAME)";
				TARGETED_DEVICE_FAMILY = "1,2";
				VALID_ARCHS = "armv7 x86_64 arm64";
			};
			name = Release;
		};
		361954342CEF71D100ADD8CD /* Debug */ = {
			isa = XCBuildConfiguration;
			buildSettings = {
				ALWAYS_SEARCH_USER_PATHS = NO;
				ASSETCATALOG_COMPILER_GENERATE_SWIFT_ASSET_SYMBOL_EXTENSIONS = YES;
				CLANG_ANALYZER_NONNULL = YES;
				CLANG_ANALYZER_NUMBER_OBJECT_CONVERSION = YES_AGGRESSIVE;
				CLANG_CXX_LANGUAGE_STANDARD = "gnu++20";
				CLANG_ENABLE_MODULES = YES;
				CLANG_ENABLE_OBJC_ARC = YES;
				CLANG_ENABLE_OBJC_WEAK = YES;
				CLANG_WARN_BLOCK_CAPTURE_AUTORELEASING = YES;
				CLANG_WARN_BOOL_CONVERSION = YES;
				CLANG_WARN_COMMA = YES;
				CLANG_WARN_CONSTANT_CONVERSION = YES;
				CLANG_WARN_DEPRECATED_OBJC_IMPLEMENTATIONS = YES;
				CLANG_WARN_DIRECT_OBJC_ISA_USAGE = YES_ERROR;
				CLANG_WARN_DOCUMENTATION_COMMENTS = YES;
				CLANG_WARN_EMPTY_BODY = YES;
				CLANG_WARN_ENUM_CONVERSION = YES;
				CLANG_WARN_INFINITE_RECURSION = YES;
				CLANG_WARN_INT_CONVERSION = YES;
				CLANG_WARN_NON_LITERAL_NULL_CONVERSION = YES;
				CLANG_WARN_OBJC_IMPLICIT_RETAIN_SELF = YES;
				CLANG_WARN_OBJC_LITERAL_CONVERSION = YES;
				CLANG_WARN_OBJC_ROOT_CLASS = YES_ERROR;
				CLANG_WARN_QUOTED_INCLUDE_IN_FRAMEWORK_HEADER = YES;
				CLANG_WARN_RANGE_LOOP_ANALYSIS = YES;
				CLANG_WARN_STRICT_PROTOTYPES = YES;
				CLANG_WARN_SUSPICIOUS_MOVE = YES;
				CLANG_WARN_UNGUARDED_AVAILABILITY = YES_AGGRESSIVE;
				CLANG_WARN_UNREACHABLE_CODE = YES;
				CLANG_WARN__DUPLICATE_METHOD_MATCH = YES;
				COPY_PHASE_STRIP = NO;
				CURRENT_PROJECT_VERSION = 1;
				DEBUG_INFORMATION_FORMAT = dwarf;
				ENABLE_STRICT_OBJC_MSGSEND = YES;
				ENABLE_TESTABILITY = YES;
				ENABLE_USER_SCRIPT_SANDBOXING = YES;
				EXCLUDED_ARCHS = arm64;
				GCC_C_LANGUAGE_STANDARD = gnu17;
				GCC_DYNAMIC_NO_PIC = NO;
				GCC_NO_COMMON_BLOCKS = YES;
				GCC_OPTIMIZATION_LEVEL = 0;
				GCC_PREPROCESSOR_DEFINITIONS = (
					"DEBUG=1",
					"$(inherited)",
				);
				GCC_WARN_64_TO_32_BIT_CONVERSION = YES;
				GCC_WARN_ABOUT_RETURN_TYPE = YES_ERROR;
				GCC_WARN_UNDECLARED_SELECTOR = YES;
				GCC_WARN_UNINITIALIZED_AUTOS = YES_AGGRESSIVE;
				GCC_WARN_UNUSED_FUNCTION = YES;
				GCC_WARN_UNUSED_VARIABLE = YES;
				IPHONEOS_DEPLOYMENT_TARGET = 16.6;
				LOCALIZATION_PREFERS_STRING_CATALOGS = YES;
				MACH_O_TYPE = mh_dylib;
				MTL_ENABLE_DEBUG_INFO = INCLUDE_SOURCE;
				MTL_FAST_MATH = YES;
				ONLY_ACTIVE_ARCH = NO;
				SDKROOT = iphoneos;
				SWIFT_ACTIVE_COMPILATION_CONDITIONS = "DEBUG $(inherited)";
				SWIFT_OPTIMIZATION_LEVEL = "-Onone";
				VERSIONING_SYSTEM = "apple-generic";
				VERSION_INFO_PREFIX = "";
			};
			name = Debug;
		};
		361954352CEF71D100ADD8CD /* Release */ = {
			isa = XCBuildConfiguration;
			buildSettings = {
				ALWAYS_SEARCH_USER_PATHS = NO;
				ASSETCATALOG_COMPILER_GENERATE_SWIFT_ASSET_SYMBOL_EXTENSIONS = YES;
				CLANG_ANALYZER_NONNULL = YES;
				CLANG_ANALYZER_NUMBER_OBJECT_CONVERSION = YES_AGGRESSIVE;
				CLANG_CXX_LANGUAGE_STANDARD = "gnu++20";
				CLANG_ENABLE_MODULES = YES;
				CLANG_ENABLE_OBJC_ARC = YES;
				CLANG_ENABLE_OBJC_WEAK = YES;
				CLANG_WARN_BLOCK_CAPTURE_AUTORELEASING = YES;
				CLANG_WARN_BOOL_CONVERSION = YES;
				CLANG_WARN_COMMA = YES;
				CLANG_WARN_CONSTANT_CONVERSION = YES;
				CLANG_WARN_DEPRECATED_OBJC_IMPLEMENTATIONS = YES;
				CLANG_WARN_DIRECT_OBJC_ISA_USAGE = YES_ERROR;
				CLANG_WARN_DOCUMENTATION_COMMENTS = YES;
				CLANG_WARN_EMPTY_BODY = YES;
				CLANG_WARN_ENUM_CONVERSION = YES;
				CLANG_WARN_INFINITE_RECURSION = YES;
				CLANG_WARN_INT_CONVERSION = YES;
				CLANG_WARN_NON_LITERAL_NULL_CONVERSION = YES;
				CLANG_WARN_OBJC_IMPLICIT_RETAIN_SELF = YES;
				CLANG_WARN_OBJC_LITERAL_CONVERSION = YES;
				CLANG_WARN_OBJC_ROOT_CLASS = YES_ERROR;
				CLANG_WARN_QUOTED_INCLUDE_IN_FRAMEWORK_HEADER = YES;
				CLANG_WARN_RANGE_LOOP_ANALYSIS = YES;
				CLANG_WARN_STRICT_PROTOTYPES = YES;
				CLANG_WARN_SUSPICIOUS_MOVE = YES;
				CLANG_WARN_UNGUARDED_AVAILABILITY = YES_AGGRESSIVE;
				CLANG_WARN_UNREACHABLE_CODE = YES;
				CLANG_WARN__DUPLICATE_METHOD_MATCH = YES;
				COPY_PHASE_STRIP = NO;
				CURRENT_PROJECT_VERSION = 1;
				DEBUG_INFORMATION_FORMAT = "dwarf-with-dsym";
				ENABLE_NS_ASSERTIONS = NO;
				ENABLE_STRICT_OBJC_MSGSEND = YES;
				ENABLE_USER_SCRIPT_SANDBOXING = YES;
				EXCLUDED_ARCHS = arm64;
				GCC_C_LANGUAGE_STANDARD = gnu17;
				GCC_NO_COMMON_BLOCKS = YES;
				GCC_WARN_64_TO_32_BIT_CONVERSION = YES;
				GCC_WARN_ABOUT_RETURN_TYPE = YES_ERROR;
				GCC_WARN_UNDECLARED_SELECTOR = YES;
				GCC_WARN_UNINITIALIZED_AUTOS = YES_AGGRESSIVE;
				GCC_WARN_UNUSED_FUNCTION = YES;
				GCC_WARN_UNUSED_VARIABLE = YES;
				IPHONEOS_DEPLOYMENT_TARGET = 16.6;
				LOCALIZATION_PREFERS_STRING_CATALOGS = YES;
				MACH_O_TYPE = mh_dylib;
				MTL_ENABLE_DEBUG_INFO = NO;
				MTL_FAST_MATH = YES;
				SDKROOT = iphoneos;
				SWIFT_COMPILATION_MODE = wholemodule;
				SWIFT_OPTIMIZATION_LEVEL = "-Onone";
				VALIDATE_PRODUCT = YES;
				VERSIONING_SYSTEM = "apple-generic";
				VERSION_INFO_PREFIX = "";
			};
			name = Release;
		};
		361954372CEF71D100ADD8CD /* Debug */ = {
			isa = XCBuildConfiguration;
			baseConfigurationReference = 2324453A35569253C907F85B /* Pods-AVSinchSDK-AVSinchSDKTests.debug.xcconfig */;
			buildSettings = {
				ARCHS = "$(ARCHS_STANDARD)";
				CODE_SIGN_STYLE = Automatic;
				CURRENT_PROJECT_VERSION = 1;
				DEVELOPMENT_TEAM = 6W49KKQ2NR;
				EXCLUDED_ARCHS = "";
				GENERATE_INFOPLIST_FILE = YES;
				IPHONEOS_DEPLOYMENT_TARGET = 18.0;
				MACH_O_TYPE = mh_dylib;
				MARKETING_VERSION = 1.0;
				PRODUCT_BUNDLE_IDENTIFIER = demo.AVSinchSDKTests;
				PRODUCT_NAME = "$(TARGET_NAME)";
				SWIFT_EMIT_LOC_STRINGS = NO;
				SWIFT_VERSION = 4.2;
				SYMROOT = "$(BUILD_DIR)/$(CONFIGURATION)$(EFFECTIVE_PLATFORM_NAME)";
				TARGETED_DEVICE_FAMILY = "1,2";
				VALID_ARCHS = "armv7 x86_64 arm64";
			};
			name = Debug;
		};
		361954382CEF71D100ADD8CD /* Release */ = {
			isa = XCBuildConfiguration;
			baseConfigurationReference = 18E127C00E43BD728178CBA5 /* Pods-AVSinchSDK-AVSinchSDKTests.release.xcconfig */;
			buildSettings = {
				ARCHS = "$(ARCHS_STANDARD)";
				CODE_SIGN_STYLE = Automatic;
				CURRENT_PROJECT_VERSION = 1;
				DEVELOPMENT_TEAM = 6W49KKQ2NR;
				EXCLUDED_ARCHS = "";
				GENERATE_INFOPLIST_FILE = YES;
				IPHONEOS_DEPLOYMENT_TARGET = 18.0;
				MACH_O_TYPE = mh_dylib;
				MARKETING_VERSION = 1.0;
				PRODUCT_BUNDLE_IDENTIFIER = demo.AVSinchSDKTests;
				PRODUCT_NAME = "$(TARGET_NAME)";
				SWIFT_EMIT_LOC_STRINGS = NO;
				SWIFT_VERSION = 4.2;
				SYMROOT = "$(BUILD_DIR)/$(CONFIGURATION)$(EFFECTIVE_PLATFORM_NAME)";
				TARGETED_DEVICE_FAMILY = "1,2";
				VALID_ARCHS = "armv7 x86_64 arm64";
			};
			name = Release;
		};
/* End XCBuildConfiguration section */

/* Begin XCConfigurationList section */
		361954182CEF71D100ADD8CD /* Build configuration list for PBXProject "AVSinchSDK" */ = {
			isa = XCConfigurationList;
			buildConfigurations = (
				361954342CEF71D100ADD8CD /* Debug */,
				361954352CEF71D100ADD8CD /* Release */,
			);
			defaultConfigurationIsVisible = 0;
			defaultConfigurationName = Release;
		};
		361954312CEF71D100ADD8CD /* Build configuration list for PBXNativeTarget "AVSinchSDK" */ = {
			isa = XCConfigurationList;
			buildConfigurations = (
				361954322CEF71D100ADD8CD /* Debug */,
				361954332CEF71D100ADD8CD /* Release */,
			);
			defaultConfigurationIsVisible = 0;
			defaultConfigurationName = Release;
		};
		361954362CEF71D100ADD8CD /* Build configuration list for PBXNativeTarget "AVSinchSDKTests" */ = {
			isa = XCConfigurationList;
			buildConfigurations = (
				361954372CEF71D100ADD8CD /* Debug */,
				361954382CEF71D100ADD8CD /* Release */,
			);
			defaultConfigurationIsVisible = 0;
			defaultConfigurationName = Release;
		};
/* End XCConfigurationList section */
	};
	rootObject = 361954152CEF71D100ADD8CD /* Project object */;
}
